
Microsoft Visual Studio Solution File, Format Version 12.00
# Visual Studio 2012
Project("{FAE04EC0-301F-11D3-BF4B-00C04F79EFBC}") = "TankDestroyer", "TankDestroyer.csproj", "{2CE5FF23-A805-4B7E-9607-48D48C89CCB7}"
EndProject
Project("{FAE04EC0-301F-11D3-BF4B-00C04F79EFBC}") = "TankDestroyer.API", "..\Source\TankDestroyer.API\TankDestroyer.API.csproj", "{0DC909ED-1BB1-4474-877B-188BC9485100}"
EndProject
Project("{FAE04EC0-301F-11D3-BF4B-00C04F79EFBC}") = "TankDestroyer.Engine", "..\Source\TankDestroyer.Engine\TankDestroyer.Engine.csproj", "{A5077F5D-46AD-4548-BA71-DBE9EAB28AD6}"
EndProject
Project("{FAE04EC0-301F-11D3-BF4B-00C04F79EFBC}") = "HDJO.Bot", "..\Bots\HDJO.Bot\HDJO.Bot.csproj", "{264EE1B5-A712-4F05-ACBF-0C44E7278DD3}"
EndProject
Project("{FAE04EC0-301F-11D3-BF4B-00C04F79EFBC}") = "TankDestroyer.Game.Console", "..\TankDestroyer.Game.Console\TankDestroyer.Game.Console.csproj", "{FA4FE637-A1B0-487A-A78B-7C3EB2ED0086}"
EndProject
Global
	GlobalSection(SolutionConfigurationPlatforms) = preSolution
		Debug|Any CPU = Debug|Any CPU
		Debug|x64 = Debug|x64
		Debug|x86 = Debug|x86
		ExportDebug|Any CPU = ExportDebug|Any CPU
		ExportDebug|x64 = ExportDebug|x64
		ExportDebug|x86 = ExportDebug|x86
		ExportRelease|Any CPU = ExportRelease|Any CPU
		ExportRelease|x64 = ExportRelease|x64
		ExportRelease|x86 = ExportRelease|x86
		Release|Any CPU = Release|Any CPU
		Release|x64 = Release|x64
		Release|x86 = Release|x86
	EndGlobalSection
	GlobalSection(ProjectConfigurationPlatforms) = postSolution
		{2CE5FF23-A805-4B7E-9607-48D48C89CCB7}.Debug|Any CPU.ActiveCfg = Debug|Any CPU
		{2CE5FF23-A805-4B7E-9607-48D48C89CCB7}.Debug|Any CPU.Build.0 = Debug|Any CPU
		{2CE5FF23-A805-4B7E-9607-48D48C89CCB7}.Debug|x64.ActiveCfg = Debug|Any CPU
		{2CE5FF23-A805-4B7E-9607-48D48C89CCB7}.Debug|x64.Build.0 = Debug|Any CPU
		{2CE5FF23-A805-4B7E-9607-48D48C89CCB7}.Debug|x86.ActiveCfg = Debug|Any CPU
		{2CE5FF23-A805-4B7E-9607-48D48C89CCB7}.Debug|x86.Build.0 = Debug|Any CPU
		{2CE5FF23-A805-4B7E-9607-48D48C89CCB7}.ExportDebug|Any CPU.ActiveCfg = ExportDebug|Any CPU
		{2CE5FF23-A805-4B7E-9607-48D48C89CCB7}.ExportDebug|Any CPU.Build.0 = ExportDebug|Any CPU
		{2CE5FF23-A805-4B7E-9607-48D48C89CCB7}.ExportDebug|x64.ActiveCfg = ExportDebug|Any CPU
		{2CE5FF23-A805-4B7E-9607-48D48C89CCB7}.ExportDebug|x64.Build.0 = ExportDebug|Any CPU
		{2CE5FF23-A805-4B7E-9607-48D48C89CCB7}.ExportDebug|x86.ActiveCfg = ExportDebug|Any CPU
		{2CE5FF23-A805-4B7E-9607-48D48C89CCB7}.ExportDebug|x86.Build.0 = ExportDebug|Any CPU
		{2CE5FF23-A805-4B7E-9607-48D48C89CCB7}.ExportRelease|Any CPU.ActiveCfg = ExportRelease|Any CPU
		{2CE5FF23-A805-4B7E-9607-48D48C89CCB7}.ExportRelease|Any CPU.Build.0 = ExportRelease|Any CPU
		{2CE5FF23-A805-4B7E-9607-48D48C89CCB7}.ExportRelease|x64.ActiveCfg = ExportRelease|Any CPU
		{2CE5FF23-A805-4B7E-9607-48D48C89CCB7}.ExportRelease|x64.Build.0 = ExportRelease|Any CPU
		{2CE5FF23-A805-4B7E-9607-48D48C89CCB7}.ExportRelease|x86.ActiveCfg = ExportRelease|Any CPU
		{2CE5FF23-A805-4B7E-9607-48D48C89CCB7}.ExportRelease|x86.Build.0 = ExportRelease|Any CPU
		{2CE5FF23-A805-4B7E-9607-48D48C89CCB7}.Release|Any CPU.ActiveCfg = Release|Any CPU
		{2CE5FF23-A805-4B7E-9607-48D48C89CCB7}.Release|Any CPU.Build.0 = Release|Any CPU
		{2CE5FF23-A805-4B7E-9607-48D48C89CCB7}.Release|x64.ActiveCfg = Release|Any CPU
		{2CE5FF23-A805-4B7E-9607-48D48C89CCB7}.Release|x64.Build.0 = Release|Any CPU
		{2CE5FF23-A805-4B7E-9607-48D48C89CCB7}.Release|x86.ActiveCfg = Release|Any CPU
		{2CE5FF23-A805-4B7E-9607-48D48C89CCB7}.Release|x86.Build.0 = Release|Any CPU
		{0DC909ED-1BB1-4474-877B-188BC9485100}.Debug|Any CPU.ActiveCfg = Debug|Any CPU
		{0DC909ED-1BB1-4474-877B-188BC9485100}.Debug|Any CPU.Build.0 = Debug|Any CPU
		{0DC909ED-1BB1-4474-877B-188BC9485100}.Debug|x64.ActiveCfg = Debug|Any CPU
		{0DC909ED-1BB1-4474-877B-188BC9485100}.Debug|x64.Build.0 = Debug|Any CPU
		{0DC909ED-1BB1-4474-877B-188BC9485100}.Debug|x86.ActiveCfg = Debug|Any CPU
		{0DC909ED-1BB1-4474-877B-188BC9485100}.Debug|x86.Build.0 = Debug|Any CPU
		{0DC909ED-1BB1-4474-877B-188BC9485100}.ExportDebug|Any CPU.ActiveCfg = Debug|Any CPU
		{0DC909ED-1BB1-4474-877B-188BC9485100}.ExportDebug|Any CPU.Build.0 = Debug|Any CPU
		{0DC909ED-1BB1-4474-877B-188BC9485100}.ExportDebug|x64.ActiveCfg = ExportDebug|Any CPU
		{0DC909ED-1BB1-4474-877B-188BC9485100}.ExportDebug|x64.Build.0 = ExportDebug|Any CPU
		{0DC909ED-1BB1-4474-877B-188BC9485100}.ExportDebug|x86.ActiveCfg = ExportDebug|Any CPU
		{0DC909ED-1BB1-4474-877B-188BC9485100}.ExportDebug|x86.Build.0 = ExportDebug|Any CPU
		{0DC909ED-1BB1-4474-877B-188BC9485100}.ExportRelease|Any CPU.ActiveCfg = Debug|Any CPU
		{0DC909ED-1BB1-4474-877B-188BC9485100}.ExportRelease|Any CPU.Build.0 = Debug|Any CPU
		{0DC909ED-1BB1-4474-877B-188BC9485100}.ExportRelease|x64.ActiveCfg = ExportRelease|Any CPU
		{0DC909ED-1BB1-4474-877B-188BC9485100}.ExportRelease|x64.Build.0 = ExportRelease|Any CPU
		{0DC909ED-1BB1-4474-877B-188BC9485100}.ExportRelease|x86.ActiveCfg = ExportRelease|Any CPU
		{0DC909ED-1BB1-4474-877B-188BC9485100}.ExportRelease|x86.Build.0 = ExportRelease|Any CPU
		{0DC909ED-1BB1-4474-877B-188BC9485100}.Release|Any CPU.ActiveCfg = Release|Any CPU
		{0DC909ED-1BB1-4474-877B-188BC9485100}.Release|Any CPU.Build.0 = Release|Any CPU
		{0DC909ED-1BB1-4474-877B-188BC9485100}.Release|x64.ActiveCfg = Release|Any CPU
		{0DC909ED-1BB1-4474-877B-188BC9485100}.Release|x64.Build.0 = Release|Any CPU
		{0DC909ED-1BB1-4474-877B-188BC9485100}.Release|x86.ActiveCfg = Release|Any CPU
		{0DC909ED-1BB1-4474-877B-188BC9485100}.Release|x86.Build.0 = Release|Any CPU
		{A5077F5D-46AD-4548-BA71-DBE9EAB28AD6}.Debug|Any CPU.ActiveCfg = Debug|Any CPU
		{A5077F5D-46AD-4548-BA71-DBE9EAB28AD6}.Debug|Any CPU.Build.0 = Debug|Any CPU
		{A5077F5D-46AD-4548-BA71-DBE9EAB28AD6}.Debug|x64.ActiveCfg = Debug|Any CPU
		{A5077F5D-46AD-4548-BA71-DBE9EAB28AD6}.Debug|x64.Build.0 = Debug|Any CPU
		{A5077F5D-46AD-4548-BA71-DBE9EAB28AD6}.Debug|x86.ActiveCfg = Debug|Any CPU
		{A5077F5D-46AD-4548-BA71-DBE9EAB28AD6}.Debug|x86.Build.0 = Debug|Any CPU
		{A5077F5D-46AD-4548-BA71-DBE9EAB28AD6}.ExportDebug|Any CPU.ActiveCfg = Debug|Any CPU
		{A5077F5D-46AD-4548-BA71-DBE9EAB28AD6}.ExportDebug|Any CPU.Build.0 = Debug|Any CPU
		{A5077F5D-46AD-4548-BA71-DBE9EAB28AD6}.ExportDebug|x64.ActiveCfg = ExportDebug|Any CPU
		{A5077F5D-46AD-4548-BA71-DBE9EAB28AD6}.ExportDebug|x64.Build.0 = ExportDebug|Any CPU
		{A5077F5D-46AD-4548-BA71-DBE9EAB28AD6}.ExportDebug|x86.ActiveCfg = ExportDebug|Any CPU
		{A5077F5D-46AD-4548-BA71-DBE9EAB28AD6}.ExportDebug|x86.Build.0 = ExportDebug|Any CPU
		{A5077F5D-46AD-4548-BA71-DBE9EAB28AD6}.ExportRelease|Any CPU.ActiveCfg = Debug|Any CPU
		{A5077F5D-46AD-4548-BA71-DBE9EAB28AD6}.ExportRelease|Any CPU.Build.0 = Debug|Any CPU
		{A5077F5D-46AD-4548-BA71-DBE9EAB28AD6}.ExportRelease|x64.ActiveCfg = ExportRelease|Any CPU
		{A5077F5D-46AD-4548-BA71-DBE9EAB28AD6}.ExportRelease|x64.Build.0 = ExportRelease|Any CPU
		{A5077F5D-46AD-4548-BA71-DBE9EAB28AD6}.ExportRelease|x86.ActiveCfg = ExportRelease|Any CPU
		{A5077F5D-46AD-4548-BA71-DBE9EAB28AD6}.ExportRelease|x86.Build.0 = ExportRelease|Any CPU
		{A5077F5D-46AD-4548-BA71-DBE9EAB28AD6}.Release|Any CPU.ActiveCfg = Release|Any CPU
		{A5077F5D-46AD-4548-BA71-DBE9EAB28AD6}.Release|Any CPU.Build.0 = Release|Any CPU
		{A5077F5D-46AD-4548-BA71-DBE9EAB28AD6}.Release|x64.ActiveCfg = Release|Any CPU
		{A5077F5D-46AD-4548-BA71-DBE9EAB28AD6}.Release|x64.Build.0 = Release|Any CPU
		{A5077F5D-46AD-4548-BA71-DBE9EAB28AD6}.Release|x86.ActiveCfg = Release|Any CPU
		{A5077F5D-46AD-4548-BA71-DBE9EAB28AD6}.Release|x86.Build.0 = Release|Any CPU
		{264EE1B5-A712-4F05-ACBF-0C44E7278DD3}.Debug|Any CPU.ActiveCfg = Debug|Any CPU
		{264EE1B5-A712-4F05-ACBF-0C44E7278DD3}.Debug|Any CPU.Build.0 = Debug|Any CPU
		{264EE1B5-A712-4F05-ACBF-0C44E7278DD3}.Debug|x64.ActiveCfg = Debug|Any CPU
		{264EE1B5-A712-4F05-ACBF-0C44E7278DD3}.Debug|x64.Build.0 = Debug|Any CPU
		{264EE1B5-A712-4F05-ACBF-0C44E7278DD3}.Debug|x86.ActiveCfg = Debug|Any CPU
		{264EE1B5-A712-4F05-ACBF-0C44E7278DD3}.Debug|x86.Build.0 = Debug|Any CPU
		{264EE1B5-A712-4F05-ACBF-0C44E7278DD3}.ExportDebug|Any CPU.ActiveCfg = Debug|Any CPU
		{264EE1B5-A712-4F05-ACBF-0C44E7278DD3}.ExportDebug|Any CPU.Build.0 = Debug|Any CPU
		{264EE1B5-A712-4F05-ACBF-0C44E7278DD3}.ExportDebug|x64.ActiveCfg = ExportDebug|Any CPU
		{264EE1B5-A712-4F05-ACBF-0C44E7278DD3}.ExportDebug|x64.Build.0 = ExportDebug|Any CPU
		{264EE1B5-A712-4F05-ACBF-0C44E7278DD3}.ExportDebug|x86.ActiveCfg = ExportDebug|Any CPU
		{264EE1B5-A712-4F05-ACBF-0C44E7278DD3}.ExportDebug|x86.Build.0 = ExportDebug|Any CPU
		{264EE1B5-A712-4F05-ACBF-0C44E7278DD3}.ExportRelease|Any CPU.ActiveCfg = Debug|Any CPU
		{264EE1B5-A712-4F05-ACBF-0C44E7278DD3}.ExportRelease|Any CPU.Build.0 = Debug|Any CPU
		{264EE1B5-A712-4F05-ACBF-0C44E7278DD3}.ExportRelease|x64.ActiveCfg = ExportRelease|Any CPU
		{264EE1B5-A712-4F05-ACBF-0C44E7278DD3}.ExportRelease|x64.Build.0 = ExportRelease|Any CPU
		{264EE1B5-A712-4F05-ACBF-0C44E7278DD3}.ExportRelease|x86.ActiveCfg = ExportRelease|Any CPU
		{264EE1B5-A712-4F05-ACBF-0C44E7278DD3}.ExportRelease|x86.Build.0 = ExportRelease|Any CPU
		{264EE1B5-A712-4F05-ACBF-0C44E7278DD3}.Release|Any CPU.ActiveCfg = Release|Any CPU
		{264EE1B5-A712-4F05-ACBF-0C44E7278DD3}.Release|Any CPU.Build.0 = Release|Any CPU
		{264EE1B5-A712-4F05-ACBF-0C44E7278DD3}.Release|x64.ActiveCfg = Release|Any CPU
		{264EE1B5-A712-4F05-ACBF-0C44E7278DD3}.Release|x64.Build.0 = Release|Any CPU
		{264EE1B5-A712-4F05-ACBF-0C44E7278DD3}.Release|x86.ActiveCfg = Release|Any CPU
		{264EE1B5-A712-4F05-ACBF-0C44E7278DD3}.Release|x86.Build.0 = Release|Any CPU
		{FA4FE637-A1B0-487A-A78B-7C3EB2ED0086}.Debug|Any CPU.ActiveCfg = Debug|Any CPU
		{FA4FE637-A1B0-487A-A78B-7C3EB2ED0086}.Debug|Any CPU.Build.0 = Debug|Any CPU
		{FA4FE637-A1B0-487A-A78B-7C3EB2ED0086}.Debug|x64.ActiveCfg = Debug|Any CPU
		{FA4FE637-A1B0-487A-A78B-7C3EB2ED0086}.Debug|x64.Build.0 = Debug|Any CPU
		{FA4FE637-A1B0-487A-A78B-7C3EB2ED0086}.Debug|x86.ActiveCfg = Debug|Any CPU
		{FA4FE637-A1B0-487A-A78B-7C3EB2ED0086}.Debug|x86.Build.0 = Debug|Any CPU
		{FA4FE637-A1B0-487A-A78B-7C3EB2ED0086}.ExportDebug|Any CPU.ActiveCfg = Debug|Any CPU
		{FA4FE637-A1B0-487A-A78B-7C3EB2ED0086}.ExportDebug|Any CPU.Build.0 = Debug|Any CPU
		{FA4FE637-A1B0-487A-A78B-7C3EB2ED0086}.ExportDebug|x64.ActiveCfg = Debug|Any CPU
		{FA4FE637-A1B0-487A-A78B-7C3EB2ED0086}.ExportDebug|x64.Build.0 = Debug|Any CPU
		{FA4FE637-A1B0-487A-A78B-7C3EB2ED0086}.ExportDebug|x86.ActiveCfg = Debug|Any CPU
		{FA4FE637-A1B0-487A-A78B-7C3EB2ED0086}.ExportDebug|x86.Build.0 = Debug|Any CPU
		{FA4FE637-A1B0-487A-A78B-7C3EB2ED0086}.ExportRelease|Any CPU.ActiveCfg = Debug|Any CPU
		{FA4FE637-A1B0-487A-A78B-7C3EB2ED0086}.ExportRelease|Any CPU.Build.0 = Debug|Any CPU
		{FA4FE637-A1B0-487A-A78B-7C3EB2ED0086}.ExportRelease|x64.ActiveCfg = Debug|Any CPU
		{FA4FE637-A1B0-487A-A78B-7C3EB2ED0086}.ExportRelease|x64.Build.0 = Debug|Any CPU
		{FA4FE637-A1B0-487A-A78B-7C3EB2ED0086}.ExportRelease|x86.ActiveCfg = Debug|Any CPU
		{FA4FE637-A1B0-487A-A78B-7C3EB2ED0086}.ExportRelease|x86.Build.0 = Debug|Any CPU
		{FA4FE637-A1B0-487A-A78B-7C3EB2ED0086}.Release|Any CPU.ActiveCfg = Release|Any CPU
		{FA4FE637-A1B0-487A-A78B-7C3EB2ED0086}.Release|Any CPU.Build.0 = Release|Any CPU
		{FA4FE637-A1B0-487A-A78B-7C3EB2ED0086}.Release|x64.ActiveCfg = Release|Any CPU
		{FA4FE637-A1B0-487A-A78B-7C3EB2ED0086}.Release|x64.Build.0 = Release|Any CPU
		{FA4FE637-A1B0-487A-A78B-7C3EB2ED0086}.Release|x86.ActiveCfg = Release|Any CPU
		{FA4FE637-A1B0-487A-A78B-7C3EB2ED0086}.Release|x86.Build.0 = Release|Any CPU
	EndGlobalSection
	GlobalSection(SolutionProperties) = preSolution
		HideSolutionNode = FALSE
	EndGlobalSection
EndGlobal
